// !$*UTF8*$!
{
	archiveVersion = 1;
	classes = {
	};
	objectVersion = 55;
	objects = {

/* Begin PBXBuildFile section */
		C205F9FA285A848D0054D25C /* ResponseType.swift in Sources */ = {isa = PBXBuildFile; fileRef = C205F9F9285A848D0054D25C /* ResponseType.swift */; };
		C205F9FC285A86BE0054D25C /* Answer.swift in Sources */ = {isa = PBXBuildFile; fileRef = C205F9FB285A86BE0054D25C /* Answer.swift */; };
		C205F9FE285A87640054D25C /* AnimalType.swift in Sources */ = {isa = PBXBuildFile; fileRef = C205F9FD285A87640054D25C /* AnimalType.swift */; };
		C20E75F2285A4926006A373B /* Question.swift in Sources */ = {isa = PBXBuildFile; fileRef = C20E75F1285A4926006A373B /* Question.swift */; };
		C216E1CA2859EA4300EFFD6F /* AppDelegate.swift in Sources */ = {isa = PBXBuildFile; fileRef = C216E1C92859EA4300EFFD6F /* AppDelegate.swift */; };
		C216E1CC2859EA4300EFFD6F /* SceneDelegate.swift in Sources */ = {isa = PBXBuildFile; fileRef = C216E1CB2859EA4300EFFD6F /* SceneDelegate.swift */; };
		C216E1CE2859EA4300EFFD6F /* ViewController.swift in Sources */ = {isa = PBXBuildFile; fileRef = C216E1CD2859EA4300EFFD6F /* ViewController.swift */; };
		C216E1D12859EA4300EFFD6F /* Main.storyboard in Resources */ = {isa = PBXBuildFile; fileRef = C216E1CF2859EA4300EFFD6F /* Main.storyboard */; };
		C216E1D32859EA4600EFFD6F /* Assets.xcassets in Resources */ = {isa = PBXBuildFile; fileRef = C216E1D22859EA4600EFFD6F /* Assets.xcassets */; };
		C216E1D62859EA4600EFFD6F /* LaunchScreen.storyboard in Resources */ = {isa = PBXBuildFile; fileRef = C216E1D42859EA4600EFFD6F /* LaunchScreen.storyboard */; };
/* End PBXBuildFile section */

/* Begin PBXFileReference section */
		C205F9F9285A848D0054D25C /* ResponseType.swift */ = {isa = PBXFileReference; lastKnownFileType = sourcecode.swift; path = ResponseType.swift; sourceTree = "<group>"; };
		C205F9FB285A86BE0054D25C /* Answer.swift */ = {isa = PBXFileReference; lastKnownFileType = sourcecode.swift; path = Answer.swift; sourceTree = "<group>"; };
		C205F9FD285A87640054D25C /* AnimalType.swift */ = {isa = PBXFileReference; lastKnownFileType = sourcecode.swift; path = AnimalType.swift; sourceTree = "<group>"; };
		C20E75F1285A4926006A373B /* Question.swift */ = {isa = PBXFileReference; lastKnownFileType = sourcecode.swift; path = Question.swift; sourceTree = "<group>"; };
		C216E1C62859EA4300EFFD6F /* Personal Quiz.app */ = {isa = PBXFileReference; explicitFileType = wrapper.application; includeInIndex = 0; path = "Personal Quiz.app"; sourceTree = BUILT_PRODUCTS_DIR; };
		C216E1C92859EA4300EFFD6F /* AppDelegate.swift */ = {isa = PBXFileReference; lastKnownFileType = sourcecode.swift; path = AppDelegate.swift; sourceTree = "<group>"; };
		C216E1CB2859EA4300EFFD6F /* SceneDelegate.swift */ = {isa = PBXFileReference; lastKnownFileType = sourcecode.swift; path = SceneDelegate.swift; sourceTree = "<group>"; };
		C216E1CD2859EA4300EFFD6F /* ViewController.swift */ = {isa = PBXFileReference; lastKnownFileType = sourcecode.swift; path = ViewController.swift; sourceTree = "<group>"; };
		C216E1D02859EA4300EFFD6F /* Base */ = {isa = PBXFileReference; lastKnownFileType = file.storyboard; name = Base; path = Base.lproj/Main.storyboard; sourceTree = "<group>"; };
		C216E1D22859EA4600EFFD6F /* Assets.xcassets */ = {isa = PBXFileReference; lastKnownFileType = folder.assetcatalog; path = Assets.xcassets; sourceTree = "<group>"; };
		C216E1D52859EA4600EFFD6F /* Base */ = {isa = PBXFileReference; lastKnownFileType = file.storyboard; name = Base; path = Base.lproj/LaunchScreen.storyboard; sourceTree = "<group>"; };
		C216E1D72859EA4600EFFD6F /* Info.plist */ = {isa = PBXFileReference; lastKnownFileType = text.plist.xml; path = Info.plist; sourceTree = "<group>"; };
/* End PBXFileReference section */

/* Begin PBXFrameworksBuildPhase section */
		C216E1C32859EA4300EFFD6F /* Frameworks */ = {
			isa = PBXFrameworksBuildPhase;
			buildActionMask = 2147483647;
			files = (
			);
			runOnlyForDeploymentPostprocessing = 0;
		};
/* End PBXFrameworksBuildPhase section */

/* Begin PBXGroup section */
		C20E75F3285A494B006A373B /* Controller */ = {
			isa = PBXGroup;
			children = (
				C216E1CD2859EA4300EFFD6F /* ViewController.swift */,
			);
			path = Controller;
			sourceTree = "<group>";
		};
		C20E75F4285A4964006A373B /* Model */ = {
			isa = PBXGroup;
			children = (
				C20E75F1285A4926006A373B /* Question.swift */,
				C205F9F9285A848D0054D25C /* ResponseType.swift */,
				C205F9FD285A87640054D25C /* AnimalType.swift */,
				C205F9FB285A86BE0054D25C /* Answer.swift */,
			);
			path = Model;
			sourceTree = "<group>";
		};
		C20E75F5285A498F006A373B /* View */ = {
			isa = PBXGroup;
			children = (
				C216E1CF2859EA4300EFFD6F /* Main.storyboard */,
				C216E1D42859EA4600EFFD6F /* LaunchScreen.storyboard */,
			);
			path = View;
			sourceTree = "<group>";
		};
		C20E75F6285A499E006A373B /* Supporting Files */ = {
			isa = PBXGroup;
			children = (
				C216E1CB2859EA4300EFFD6F /* SceneDelegate.swift */,
				C216E1C92859EA4300EFFD6F /* AppDelegate.swift */,
				C216E1D72859EA4600EFFD6F /* Info.plist */,
			);
			path = "Supporting Files";
			sourceTree = "<group>";
		};
		C20E75F7285A49F2006A373B /* Resorses */ = {
			isa = PBXGroup;
			children = (
				C216E1D22859EA4600EFFD6F /* Assets.xcassets */,
			);
			path = Resorses;
			sourceTree = "<group>";
		};
		C216E1BD2859EA4300EFFD6F = {
			isa = PBXGroup;
			children = (
				C216E1C82859EA4300EFFD6F /* Personal Quiz */,
				C216E1C72859EA4300EFFD6F /* Products */,
			);
			sourceTree = "<group>";
		};
		C216E1C72859EA4300EFFD6F /* Products */ = {
			isa = PBXGroup;
			children = (
				C216E1C62859EA4300EFFD6F /* Personal Quiz.app */,
			);
			name = Products;
			sourceTree = "<group>";
		};
		C216E1C82859EA4300EFFD6F /* Personal Quiz */ = {
			isa = PBXGroup;
			children = (
				C20E75F4285A4964006A373B /* Model */,
				C20E75F5285A498F006A373B /* View */,
				C20E75F3285A494B006A373B /* Controller */,
				C20E75F6285A499E006A373B /* Supporting Files */,
				C20E75F7285A49F2006A373B /* Resorses */,
			);
			path = "Personal Quiz";
			sourceTree = "<group>";
		};
/* End PBXGroup section */

/* Begin PBXNativeTarget section */
		C216E1C52859EA4300EFFD6F /* Personal Quiz */ = {
			isa = PBXNativeTarget;
			buildConfigurationList = C216E1DA2859EA4600EFFD6F /* Build configuration list for PBXNativeTarget "Personal Quiz" */;
			buildPhases = (
				C216E1C22859EA4300EFFD6F /* Sources */,
				C216E1C32859EA4300EFFD6F /* Frameworks */,
				C216E1C42859EA4300EFFD6F /* Resources */,
			);
			buildRules = (
			);
			dependencies = (
			);
			name = "Personal Quiz";
			productName = "Personal Quiz";
			productReference = C216E1C62859EA4300EFFD6F /* Personal Quiz.app */;
			productType = "com.apple.product-type.application";
		};
/* End PBXNativeTarget section */

/* Begin PBXProject section */
		C216E1BE2859EA4300EFFD6F /* Project object */ = {
			isa = PBXProject;
			attributes = {
				BuildIndependentTargetsInParallel = 1;
				LastSwiftUpdateCheck = 1330;
				LastUpgradeCheck = 1330;
				TargetAttributes = {
					C216E1C52859EA4300EFFD6F = {
						CreatedOnToolsVersion = 13.3;
					};
				};
			};
			buildConfigurationList = C216E1C12859EA4300EFFD6F /* Build configuration list for PBXProject "Personal Quiz" */;
			compatibilityVersion = "Xcode 13.0";
			developmentRegion = en;
			hasScannedForEncodings = 0;
			knownRegions = (
				en,
				Base,
			);
			mainGroup = C216E1BD2859EA4300EFFD6F;
			productRefGroup = C216E1C72859EA4300EFFD6F /* Products */;
			projectDirPath = "";
			projectRoot = "";
			targets = (
				C216E1C52859EA4300EFFD6F /* Personal Quiz */,
			);
		};
/* End PBXProject section */

/* Begin PBXResourcesBuildPhase section */
		C216E1C42859EA4300EFFD6F /* Resources */ = {
			isa = PBXResourcesBuildPhase;
			buildActionMask = 2147483647;
			files = (
				C216E1D62859EA4600EFFD6F /* LaunchScreen.storyboard in Resources */,
				C216E1D32859EA4600EFFD6F /* Assets.xcassets in Resources */,
				C216E1D12859EA4300EFFD6F /* Main.storyboard in Resources */,
			);
			runOnlyForDeploymentPostprocessing = 0;
		};
/* End PBXResourcesBuildPhase section */

/* Begin PBXSourcesBuildPhase section */
		C216E1C22859EA4300EFFD6F /* Sources */ = {
			isa = PBXSourcesBuildPhase;
			buildActionMask = 2147483647;
			files = (
				C216E1CE2859EA4300EFFD6F /* ViewController.swift in Sources */,
				C20E75F2285A4926006A373B /* Question.swift in Sources */,
				C216E1CA2859EA4300EFFD6F /* AppDelegate.swift in Sources */,
				C205F9FC285A86BE0054D25C /* Answer.swift in Sources */,
				C205F9FA285A848D0054D25C /* ResponseType.swift in Sources */,
				C216E1CC2859EA4300EFFD6F /* SceneDelegate.swift in Sources */,
				C205F9FE285A87640054D25C /* AnimalType.swift in Sources */,
			);
			runOnlyForDeploymentPostprocessing = 0;
		};
/* End PBXSourcesBuildPhase section */

/* Begin PBXVariantGroup section */
		C216E1CF2859EA4300EFFD6F /* Main.storyboard */ = {
			isa = PBXVariantGroup;
			children = (
				C216E1D02859EA4300EFFD6F /* Base */,
			);
			name = Main.storyboard;
			sourceTree = "<group>";
		};
		C216E1D42859EA4600EFFD6F /* LaunchScreen.storyboard */ = {
			isa = PBXVariantGroup;
			children = (
				C216E1D52859EA4600EFFD6F /* Base */,
			);
			name = LaunchScreen.storyboard;
			sourceTree = "<group>";
		};
/* End PBXVariantGroup section */

/* Begin XCBuildConfiguration section */
		C216E1D82859EA4600EFFD6F /* Debug */ = {
			isa = XCBuildConfiguration;
			buildSettings = {
				ALWAYS_SEARCH_USER_PATHS = NO;
				CLANG_ANALYZER_NONNULL = YES;
				CLANG_ANALYZER_NUMBER_OBJECT_CONVERSION = YES_AGGRESSIVE;
				CLANG_CXX_LANGUAGE_STANDARD = "gnu++17";
				CLANG_ENABLE_MODULES = YES;
				CLANG_ENABLE_OBJC_ARC = YES;
				CLANG_ENABLE_OBJC_WEAK = YES;
				CLANG_WARN_BLOCK_CAPTURE_AUTORELEASING = YES;
				CLANG_WARN_BOOL_CONVERSION = YES;
				CLANG_WARN_COMMA = YES;
				CLANG_WARN_CONSTANT_CONVERSION = YES;
				CLANG_WARN_DEPRECATED_OBJC_IMPLEMENTATIONS = YES;
				CLANG_WARN_DIRECT_OBJC_ISA_USAGE = YES_ERROR;
				CLANG_WARN_DOCUMENTATION_COMMENTS = YES;
				CLANG_WARN_EMPTY_BODY = YES;
				CLANG_WARN_ENUM_CONVERSION = YES;
				CLANG_WARN_INFINITE_RECURSION = YES;
				CLANG_WARN_INT_CONVERSION = YES;
				CLANG_WARN_NON_LITERAL_NULL_CONVERSION = YES;
				CLANG_WARN_OBJC_IMPLICIT_RETAIN_SELF = YES;
				CLANG_WARN_OBJC_LITERAL_CONVERSION = YES;
				CLANG_WARN_OBJC_ROOT_CLASS = YES_ERROR;
				CLANG_WARN_QUOTED_INCLUDE_IN_FRAMEWORK_HEADER = YES;
				CLANG_WARN_RANGE_LOOP_ANALYSIS = YES;
				CLANG_WARN_STRICT_PROTOTYPES = YES;
				CLANG_WARN_SUSPICIOUS_MOVE = YES;
				CLANG_WARN_UNGUARDED_AVAILABILITY = YES_AGGRESSIVE;
				CLANG_WARN_UNREACHABLE_CODE = YES;
				CLANG_WARN__DUPLICATE_METHOD_MATCH = YES;
				COPY_PHASE_STRIP = NO;
				DEBUG_INFORMATION_FORMAT = dwarf;
				ENABLE_STRICT_OBJC_MSGSEND = YES;
				ENABLE_TESTABILITY = YES;
				GCC_C_LANGUAGE_STANDARD = gnu11;
				GCC_DYNAMIC_NO_PIC = NO;
				GCC_NO_COMMON_BLOCKS = YES;
				GCC_OPTIMIZATION_LEVEL = 0;
				GCC_PREPROCESSOR_DEFINITIONS = (
					"DEBUG=1",
					"$(inherited)",
				);
				GCC_WARN_64_TO_32_BIT_CONVERSION = YES;
				GCC_WARN_ABOUT_RETURN_TYPE = YES_ERROR;
				GCC_WARN_UNDECLARED_SELECTOR = YES;
				GCC_WARN_UNINITIALIZED_AUTOS = YES_AGGRESSIVE;
				GCC_WARN_UNUSED_FUNCTION = YES;
				GCC_WARN_UNUSED_VARIABLE = YES;
				IPHONEOS_DEPLOYMENT_TARGET = 15.4;
				MTL_ENABLE_DEBUG_INFO = INCLUDE_SOURCE;
				MTL_FAST_MATH = YES;
				ONLY_ACTIVE_ARCH = YES;
				SDKROOT = iphoneos;
				SWIFT_ACTIVE_COMPILATION_CONDITIONS = DEBUG;
				SWIFT_OPTIMIZATION_LEVEL = "-Onone";
			};
			name = Debug;
		};
		C216E1D92859EA4600EFFD6F /* Release */ = {
			isa = XCBuildConfiguration;
			buildSettings = {
				ALWAYS_SEARCH_USER_PATHS = NO;
				CLANG_ANALYZER_NONNULL = YES;
				CLANG_ANALYZER_NUMBER_OBJECT_CONVERSION = YES_AGGRESSIVE;
				CLANG_CXX_LANGUAGE_STANDARD = "gnu++17";
				CLANG_ENABLE_MODULES = YES;
				CLANG_ENABLE_OBJC_ARC = YES;
				CLANG_ENABLE_OBJC_WEAK = YES;
				CLANG_WARN_BLOCK_CAPTURE_AUTORELEASING = YES;
				CLANG_WARN_BOOL_CONVERSION = YES;
				CLANG_WARN_COMMA = YES;
				CLANG_WARN_CONSTANT_CONVERSION = YES;
				CLANG_WARN_DEPRECATED_OBJC_IMPLEMENTATIONS = YES;
				CLANG_WARN_DIRECT_OBJC_ISA_USAGE = YES_ERROR;
				CLANG_WARN_DOCUMENTATION_COMMENTS = YES;
				CLANG_WARN_EMPTY_BODY = YES;
				CLANG_WARN_ENUM_CONVERSION = YES;
				CLANG_WARN_INFINITE_RECURSION = YES;
				CLANG_WARN_INT_CONVERSION = YES;
				CLANG_WARN_NON_LITERAL_NULL_CONVERSION = YES;
				CLANG_WARN_OBJC_IMPLICIT_RETAIN_SELF = YES;
				CLANG_WARN_OBJC_LITERAL_CONVERSION = YES;
				CLANG_WARN_OBJC_ROOT_CLASS = YES_ERROR;
				CLANG_WARN_QUOTED_INCLUDE_IN_FRAMEWORK_HEADER = YES;
				CLANG_WARN_RANGE_LOOP_ANALYSIS = YES;
				CLANG_WARN_STRICT_PROTOTYPES = YES;
				CLANG_WARN_SUSPICIOUS_MOVE = YES;
				CLANG_WARN_UNGUARDED_AVAILABILITY = YES_AGGRESSIVE;
				CLANG_WARN_UNREACHABLE_CODE = YES;
				CLANG_WARN__DUPLICATE_METHOD_MATCH = YES;
				COPY_PHASE_STRIP = NO;
				DEBUG_INFORMATION_FORMAT = "dwarf-with-dsym";
				ENABLE_NS_ASSERTIONS = NO;
				ENABLE_STRICT_OBJC_MSGSEND = YES;
				GCC_C_LANGUAGE_STANDARD = gnu11;
				GCC_NO_COMMON_BLOCKS = YES;
				GCC_WARN_64_TO_32_BIT_CONVERSION = YES;
				GCC_WARN_ABOUT_RETURN_TYPE = YES_ERROR;
				GCC_WARN_UNDECLARED_SELECTOR = YES;
				GCC_WARN_UNINITIALIZED_AUTOS = YES_AGGRESSIVE;
				GCC_WARN_UNUSED_FUNCTION = YES;
				GCC_WARN_UNUSED_VARIABLE = YES;
				IPHONEOS_DEPLOYMENT_TARGET = 15.4;
				MTL_ENABLE_DEBUG_INFO = NO;
				MTL_FAST_MATH = YES;
				SDKROOT = iphoneos;
				SWIFT_COMPILATION_MODE = wholemodule;
				SWIFT_OPTIMIZATION_LEVEL = "-O";
				VALIDATE_PRODUCT = YES;
			};
			name = Release;
		};
		C216E1DB2859EA4600EFFD6F /* Debug */ = {
			isa = XCBuildConfiguration;
			buildSettings = {
				ASSETCATALOG_COMPILER_APPICON_NAME = AppIcon;
				ASSETCATALOG_COMPILER_GLOBAL_ACCENT_COLOR_NAME = AccentColor;
				CODE_SIGN_STYLE = Automatic;
				CURRENT_PROJECT_VERSION = 1;
				DEVELOPMENT_TEAM = Q2L84UB3N5;
				GENERATE_INFOPLIST_FILE = YES;
				INFOPLIST_FILE = "Personal Quiz/Info.plist";
				INFOPLIST_KEY_UIApplicationSupportsIndirectInputEvents = YES;
				INFOPLIST_KEY_UILaunchStoryboardName = LaunchScreen;
				INFOPLIST_KEY_UIMainStoryboardFile = Main;
				INFOPLIST_KEY_UISupportedInterfaceOrientations_iPad = "UIInterfaceOrientationPortrait UIInterfaceOrientationPortraitUpsideDown UIInterfaceOrientationLandscapeLeft UIInterfaceOrientationLandscapeRight";
				INFOPLIST_KEY_UISupportedInterfaceOrientations_iPhone = "UIInterfaceOrientationPortrait UIInterfaceOrientationLandscapeLeft UIInterfaceOrientationLandscapeRight";
				LD_RUNPATH_SEARCH_PATHS = (
					"$(inherited)",
					"@executable_path/Frameworks",
				);
				MARKETING_VERSION = 1.0;
				PRODUCT_BUNDLE_IDENTIFIER = "NL.Personal-Quiz";
				PRODUCT_NAME = "$(TARGET_NAME)";
				SWIFT_EMIT_LOC_STRINGS = YES;
				SWIFT_VERSION = 5.0;
				TARGETED_DEVICE_FAMILY = "1,2";
			};
			name = Debug;
		};
		C216E1DC2859EA4600EFFD6F /* Release */ = {
			isa = XCBuildConfiguration;
			buildSettings = {
				ASSETCATALOG_COMPILER_APPICON_NAME = AppIcon;
				ASSETCATALOG_COMPILER_GLOBAL_ACCENT_COLOR_NAME = AccentColor;
				CODE_SIGN_STYLE = Automatic;
				CURRENT_PROJECT_VERSION = 1;
				DEVELOPMENT_TEAM = Q2L84UB3N5;
				GENERATE_INFOPLIST_FILE = YES;
				INFOPLIST_FILE = "Personal Quiz/Info.plist";
				INFOPLIST_KEY_UIApplicationSupportsIndirectInputEvents = YES;
				INFOPLIST_KEY_UILaunchStoryboardName = LaunchScreen;
				INFOPLIST_KEY_UIMainStoryboardFile = Main;
				INFOPLIST_KEY_UISupportedInterfaceOrientations_iPad = "UIInterfaceOrientationPortrait UIInterfaceOrientationPortraitUpsideDown UIInterfaceOrientationLandscapeLeft UIInterfaceOrientationLandscapeRight";
				INFOPLIST_KEY_UISupportedInterfaceOrientations_iPhone = "UIInterfaceOrientationPortrait UIInterfaceOrientationLandscapeLeft UIInterfaceOrientationLandscapeRight";
				LD_RUNPATH_SEARCH_PATHS = (
					"$(inherited)",
					"@executable_path/Frameworks",
				);
				MARKETING_VERSION = 1.0;
				PRODUCT_BUNDLE_IDENTIFIER = "NL.Personal-Quiz";
				PRODUCT_NAME = "$(TARGET_NAME)";
				SWIFT_EMIT_LOC_STRINGS = YES;
				SWIFT_VERSION = 5.0;
				TARGETED_DEVICE_FAMILY = "1,2";
			};
			name = Release;
		};
/* End XCBuildConfiguration section */

/* Begin XCConfigurationList section */
		C216E1C12859EA4300EFFD6F /* Build configuration list for PBXProject "Personal Quiz" */ = {
			isa = XCConfigurationList;
			buildConfigurations = (
				C216E1D82859EA4600EFFD6F /* Debug */,
				C216E1D92859EA4600EFFD6F /* Release */,
			);
			defaultConfigurationIsVisible = 0;
			defaultConfigurationName = Release;
		};
		C216E1DA2859EA4600EFFD6F /* Build configuration list for PBXNativeTarget "Personal Quiz" */ = {
			isa = XCConfigurationList;
			buildConfigurations = (
				C216E1DB2859EA4600EFFD6F /* Debug */,
				C216E1DC2859EA4600EFFD6F /* Release */,
			);
			defaultConfigurationIsVisible = 0;
			defaultConfigurationName = Release;
		};
/* End XCConfigurationList section */
	};
	rootObject = C216E1BE2859EA4300EFFD6F /* Project object */;
}
